// !$*UTF8*$!
{
	archiveVersion = 1;
	classes = {
	};
	objectVersion = 56;
	objects = {

/* Begin PBXBuildFile section */
		910932EF2B31DAA6005615A9 /* TestLocalMangas.json in Resources */ = {isa = PBXBuildFile; fileRef = 910932EE2B31DAA6005615A9 /* TestLocalMangas.json */; };
		910932F22B31E0D7005615A9 /* URL.swift in Sources */ = {isa = PBXBuildFile; fileRef = 910932F12B31E0D7005615A9 /* URL.swift */; };
		910932F42B31E43C005615A9 /* URLRequest.swift in Sources */ = {isa = PBXBuildFile; fileRef = 910932F32B31E43C005615A9 /* URLRequest.swift */; };
		910932F62B31E51B005615A9 /* NetworkErrors.swift in Sources */ = {isa = PBXBuildFile; fileRef = 910932F52B31E51B005615A9 /* NetworkErrors.swift */; };
		910932F82B31E86A005615A9 /* URLSession.swift in Sources */ = {isa = PBXBuildFile; fileRef = 910932F72B31E86A005615A9 /* URLSession.swift */; };
		910932FA2B31ECA1005615A9 /* JsonDecoder.swift in Sources */ = {isa = PBXBuildFile; fileRef = 910932F92B31ECA1005615A9 /* JsonDecoder.swift */; };
		910932FE2B31F3D3005615A9 /* MangasInteractor.swift in Sources */ = {isa = PBXBuildFile; fileRef = 910932FD2B31F3D3005615A9 /* MangasInteractor.swift */; };
		910933032B32413C005615A9 /* MangasViewModel.swift in Sources */ = {isa = PBXBuildFile; fileRef = 910933022B32413B005615A9 /* MangasViewModel.swift */; };
		91126C622B9D221300B0973D /* MangasCellView.swift in Sources */ = {isa = PBXBuildFile; fileRef = 91126C612B9D221300B0973D /* MangasCellView.swift */; };
		91126C642B9D26DC00B0973D /* MangasListView.swift in Sources */ = {isa = PBXBuildFile; fileRef = 91126C632B9D26DC00B0973D /* MangasListView.swift */; };
		91126C662B9D2AC100B0973D /* StarRatingViewComponent.swift in Sources */ = {isa = PBXBuildFile; fileRef = 91126C652B9D2AC100B0973D /* StarRatingViewComponent.swift */; };
		9121B2E42CAACE3A00045874 /* MangasColectionButtoView.swift in Sources */ = {isa = PBXBuildFile; fileRef = 9121B2E32CAACE3A00045874 /* MangasColectionButtoView.swift */; };
		91238EEA2BED037B00874A8A /* MangaDetailCoverImage.swift in Sources */ = {isa = PBXBuildFile; fileRef = 91238EE92BED037B00874A8A /* MangaDetailCoverImage.swift */; };
		91283FDA2BDBD09500809317 /* MangaVolumesManagementView.swift in Sources */ = {isa = PBXBuildFile; fileRef = 91283FD92BDBD09500809317 /* MangaVolumesManagementView.swift */; };
		9132BCEA2C8660750002F3E0 /* SearchByGenreFilterView.swift in Sources */ = {isa = PBXBuildFile; fileRef = 9132BCE92C8660750002F3E0 /* SearchByGenreFilterView.swift */; };
		914E53032B45B85D006270FA /* MangasTabBar.swift in Sources */ = {isa = PBXBuildFile; fileRef = 914E53022B45B85D006270FA /* MangasTabBar.swift */; };
		914F8C972BA9B021007EDCF6 /* ErroresLog.swift in Sources */ = {isa = PBXBuildFile; fileRef = 914F8C962BA9B021007EDCF6 /* ErroresLog.swift */; };
		916F9B312B2F96DE004F91D3 /* TheMangaKeeperApp.swift in Sources */ = {isa = PBXBuildFile; fileRef = 916F9B302B2F96DE004F91D3 /* TheMangaKeeperApp.swift */; };
		916F9B352B2F96DF004F91D3 /* Assets.xcassets in Resources */ = {isa = PBXBuildFile; fileRef = 916F9B342B2F96DF004F91D3 /* Assets.xcassets */; };
		916F9B382B2F96DF004F91D3 /* Preview Assets.xcassets in Resources */ = {isa = PBXBuildFile; fileRef = 916F9B372B2F96DF004F91D3 /* Preview Assets.xcassets */; };
		917DBB602B4378F0005FFA42 /* MangasDetailView.swift in Sources */ = {isa = PBXBuildFile; fileRef = 917DBB5F2B4378F0005FFA42 /* MangasDetailView.swift */; };
		919237552B30FA5D0031C7CE /* Manga.swift in Sources */ = {isa = PBXBuildFile; fileRef = 919237542B30FA5D0031C7CE /* Manga.swift */; };
		9194DDE42B333C720069D889 /* TestData.swift in Sources */ = {isa = PBXBuildFile; fileRef = 9194DDE32B333C720069D889 /* TestData.swift */; };
		919ABA572BCC526F00A3E09B /* MangaCoverImage.swift in Sources */ = {isa = PBXBuildFile; fileRef = 919ABA562BCC526F00A3E09B /* MangaCoverImage.swift */; };
		91C78DAC2BCE690F0055B9BE /* SearchBarView.swift in Sources */ = {isa = PBXBuildFile; fileRef = 91C78DAB2BCE690F0055B9BE /* SearchBarView.swift */; };
		91D353B62CAD5D3B001E259F /* MangasListView15_2.swift in Sources */ = {isa = PBXBuildFile; fileRef = 91D353B52CAD5D3B001E259F /* MangasListView15_2.swift */; };
		91D353BA2CAD8F46001E259F /* MangasListView16_2.swift in Sources */ = {isa = PBXBuildFile; fileRef = 91D353B92CAD8F46001E259F /* MangasListView16_2.swift */; };
		91D353BC2CAE052C001E259F /* MangasTabBarPad.swift in Sources */ = {isa = PBXBuildFile; fileRef = 91D353BB2CAE052C001E259F /* MangasTabBarPad.swift */; };
		91DB26F52B30A41900D78DBE /* MangasDTO.swift in Sources */ = {isa = PBXBuildFile; fileRef = 91DB26F42B30A41900D78DBE /* MangasDTO.swift */; };
		91F88A5D2B49B85F005587BC /* MangasCollectionView.swift in Sources */ = {isa = PBXBuildFile; fileRef = 91F88A5C2B49B85F005587BC /* MangasCollectionView.swift */; };
		91F9E1AB2B90B5A0009B1A88 /* DateFormatter.swift in Sources */ = {isa = PBXBuildFile; fileRef = 91F9E1AA2B90B5A0009B1A88 /* DateFormatter.swift */; };
		91F9E1AD2B913931009B1A88 /* MangaCelGridView.swift in Sources */ = {isa = PBXBuildFile; fileRef = 91F9E1AC2B913931009B1A88 /* MangaCelGridView.swift */; };
/* End PBXBuildFile section */

/* Begin PBXFileReference section */
		910932EE2B31DAA6005615A9 /* TestLocalMangas.json */ = {isa = PBXFileReference; fileEncoding = 4; lastKnownFileType = text.json; path = TestLocalMangas.json; sourceTree = "<group>"; };
		910932F12B31E0D7005615A9 /* URL.swift */ = {isa = PBXFileReference; lastKnownFileType = sourcecode.swift; path = URL.swift; sourceTree = "<group>"; };
		910932F32B31E43C005615A9 /* URLRequest.swift */ = {isa = PBXFileReference; lastKnownFileType = sourcecode.swift; path = URLRequest.swift; sourceTree = "<group>"; };
		910932F52B31E51B005615A9 /* NetworkErrors.swift */ = {isa = PBXFileReference; lastKnownFileType = sourcecode.swift; path = NetworkErrors.swift; sourceTree = "<group>"; };
		910932F72B31E86A005615A9 /* URLSession.swift */ = {isa = PBXFileReference; lastKnownFileType = sourcecode.swift; path = URLSession.swift; sourceTree = "<group>"; };
		910932F92B31ECA1005615A9 /* JsonDecoder.swift */ = {isa = PBXFileReference; lastKnownFileType = sourcecode.swift; path = JsonDecoder.swift; sourceTree = "<group>"; };
		910932FD2B31F3D3005615A9 /* MangasInteractor.swift */ = {isa = PBXFileReference; lastKnownFileType = sourcecode.swift; path = MangasInteractor.swift; sourceTree = "<group>"; };
		910933022B32413B005615A9 /* MangasViewModel.swift */ = {isa = PBXFileReference; lastKnownFileType = sourcecode.swift; path = MangasViewModel.swift; sourceTree = "<group>"; };
		91126C612B9D221300B0973D /* MangasCellView.swift */ = {isa = PBXFileReference; lastKnownFileType = sourcecode.swift; path = MangasCellView.swift; sourceTree = "<group>"; };
		91126C632B9D26DC00B0973D /* MangasListView.swift */ = {isa = PBXFileReference; lastKnownFileType = sourcecode.swift; path = MangasListView.swift; sourceTree = "<group>"; };
		91126C652B9D2AC100B0973D /* StarRatingViewComponent.swift */ = {isa = PBXFileReference; lastKnownFileType = sourcecode.swift; path = StarRatingViewComponent.swift; sourceTree = "<group>"; };
		9121B2E32CAACE3A00045874 /* MangasColectionButtoView.swift */ = {isa = PBXFileReference; fileEncoding = 4; lastKnownFileType = sourcecode.swift; path = MangasColectionButtoView.swift; sourceTree = "<group>"; };
		91238EE92BED037B00874A8A /* MangaDetailCoverImage.swift */ = {isa = PBXFileReference; lastKnownFileType = sourcecode.swift; path = MangaDetailCoverImage.swift; sourceTree = "<group>"; };
		91283FD92BDBD09500809317 /* MangaVolumesManagementView.swift */ = {isa = PBXFileReference; lastKnownFileType = sourcecode.swift; path = MangaVolumesManagementView.swift; sourceTree = "<group>"; };
		9132BCE92C8660750002F3E0 /* SearchByGenreFilterView.swift */ = {isa = PBXFileReference; lastKnownFileType = sourcecode.swift; path = SearchByGenreFilterView.swift; sourceTree = "<group>"; };
		914E53022B45B85D006270FA /* MangasTabBar.swift */ = {isa = PBXFileReference; lastKnownFileType = sourcecode.swift; path = MangasTabBar.swift; sourceTree = "<group>"; };
		914F8C962BA9B021007EDCF6 /* ErroresLog.swift */ = {isa = PBXFileReference; lastKnownFileType = sourcecode.swift; path = ErroresLog.swift; sourceTree = "<group>"; };
		916F9B2D2B2F96DE004F91D3 /* TheMangaKeeper.app */ = {isa = PBXFileReference; explicitFileType = wrapper.application; includeInIndex = 0; path = TheMangaKeeper.app; sourceTree = BUILT_PRODUCTS_DIR; };
		916F9B302B2F96DE004F91D3 /* TheMangaKeeperApp.swift */ = {isa = PBXFileReference; lastKnownFileType = sourcecode.swift; path = TheMangaKeeperApp.swift; sourceTree = "<group>"; };
		916F9B342B2F96DF004F91D3 /* Assets.xcassets */ = {isa = PBXFileReference; lastKnownFileType = folder.assetcatalog; path = Assets.xcassets; sourceTree = "<group>"; };
		916F9B372B2F96DF004F91D3 /* Preview Assets.xcassets */ = {isa = PBXFileReference; lastKnownFileType = folder.assetcatalog; path = "Preview Assets.xcassets"; sourceTree = "<group>"; };
		917DBB5F2B4378F0005FFA42 /* MangasDetailView.swift */ = {isa = PBXFileReference; lastKnownFileType = sourcecode.swift; path = MangasDetailView.swift; sourceTree = "<group>"; };
		919237542B30FA5D0031C7CE /* Manga.swift */ = {isa = PBXFileReference; lastKnownFileType = sourcecode.swift; path = Manga.swift; sourceTree = "<group>"; };
		9194DDE32B333C720069D889 /* TestData.swift */ = {isa = PBXFileReference; lastKnownFileType = sourcecode.swift; path = TestData.swift; sourceTree = "<group>"; };
		919ABA562BCC526F00A3E09B /* MangaCoverImage.swift */ = {isa = PBXFileReference; lastKnownFileType = sourcecode.swift; path = MangaCoverImage.swift; sourceTree = "<group>"; };
		91C78DAB2BCE690F0055B9BE /* SearchBarView.swift */ = {isa = PBXFileReference; lastKnownFileType = sourcecode.swift; path = SearchBarView.swift; sourceTree = "<group>"; };
		91D353B52CAD5D3B001E259F /* MangasListView15_2.swift */ = {isa = PBXFileReference; fileEncoding = 4; lastKnownFileType = sourcecode.swift; path = MangasListView15_2.swift; sourceTree = "<group>"; };
		91D353B92CAD8F46001E259F /* MangasListView16_2.swift */ = {isa = PBXFileReference; fileEncoding = 4; lastKnownFileType = sourcecode.swift; path = MangasListView16_2.swift; sourceTree = "<group>"; };
		91D353BB2CAE052C001E259F /* MangasTabBarPad.swift */ = {isa = PBXFileReference; fileEncoding = 4; lastKnownFileType = sourcecode.swift; path = MangasTabBarPad.swift; sourceTree = "<group>"; };
		91DB26F42B30A41900D78DBE /* MangasDTO.swift */ = {isa = PBXFileReference; lastKnownFileType = sourcecode.swift; path = MangasDTO.swift; sourceTree = "<group>"; };
		91F88A5C2B49B85F005587BC /* MangasCollectionView.swift */ = {isa = PBXFileReference; lastKnownFileType = sourcecode.swift; path = MangasCollectionView.swift; sourceTree = "<group>"; };
		91F9E1AA2B90B5A0009B1A88 /* DateFormatter.swift */ = {isa = PBXFileReference; lastKnownFileType = sourcecode.swift; path = DateFormatter.swift; sourceTree = "<group>"; };
		91F9E1AC2B913931009B1A88 /* MangaCelGridView.swift */ = {isa = PBXFileReference; lastKnownFileType = sourcecode.swift; path = MangaCelGridView.swift; sourceTree = "<group>"; };
/* End PBXFileReference section */

/* Begin PBXFrameworksBuildPhase section */
		916F9B2A2B2F96DE004F91D3 /* Frameworks */ = {
			isa = PBXFrameworksBuildPhase;
			buildActionMask = 2147483647;
			files = (
			);
			runOnlyForDeploymentPostprocessing = 0;
		};
/* End PBXFrameworksBuildPhase section */

/* Begin PBXGroup section */
		910932F02B31E0BB005615A9 /* Network */ = {
			isa = PBXGroup;
			children = (
				910932F12B31E0D7005615A9 /* URL.swift */,
				910932F32B31E43C005615A9 /* URLRequest.swift */,
				910932F52B31E51B005615A9 /* NetworkErrors.swift */,
				910932F72B31E86A005615A9 /* URLSession.swift */,
				910932F92B31ECA1005615A9 /* JsonDecoder.swift */,
			);
			name = Network;
			sourceTree = "<group>";
		};
		910932FC2B31F384005615A9 /* Interactor */ = {
			isa = PBXGroup;
			children = (
				910932FD2B31F3D3005615A9 /* MangasInteractor.swift */,
			);
			name = Interactor;
			sourceTree = "<group>";
		};
		910932FF2B31F568005615A9 /* System */ = {
			isa = PBXGroup;
			children = (
				916F9B302B2F96DE004F91D3 /* TheMangaKeeperApp.swift */,
			);
			name = System;
			sourceTree = "<group>";
		};
		910933002B31F582005615A9 /* View */ = {
			isa = PBXGroup;
			children = (
				914E53022B45B85D006270FA /* MangasTabBar.swift */,
				91D353BB2CAE052C001E259F /* MangasTabBarPad.swift */,
				91126C612B9D221300B0973D /* MangasCellView.swift */,
				91126C632B9D26DC00B0973D /* MangasListView.swift */,
				917DBB5F2B4378F0005FFA42 /* MangasDetailView.swift */,
				91F9E1AC2B913931009B1A88 /* MangaCelGridView.swift */,
				91F88A5C2B49B85F005587BC /* MangasCollectionView.swift */,
				91283FD92BDBD09500809317 /* MangaVolumesManagementView.swift */,
			);
			name = View;
			sourceTree = "<group>";
		};
		910933012B3240BA005615A9 /* ViewModel */ = {
			isa = PBXGroup;
			children = (
				910933022B32413B005615A9 /* MangasViewModel.swift */,
			);
			name = ViewModel;
			sourceTree = "<group>";
		};
		916F9B242B2F96DE004F91D3 = {
			isa = PBXGroup;
			children = (
				916F9B2F2B2F96DE004F91D3 /* TheMangaKeeper */,
				916F9B2E2B2F96DE004F91D3 /* Products */,
			);
			sourceTree = "<group>";
		};
		916F9B2E2B2F96DE004F91D3 /* Products */ = {
			isa = PBXGroup;
			children = (
				916F9B2D2B2F96DE004F91D3 /* TheMangaKeeper.app */,
			);
			name = Products;
			sourceTree = "<group>";
		};
		916F9B2F2B2F96DE004F91D3 /* TheMangaKeeper */ = {
			isa = PBXGroup;
			children = (
				910932FF2B31F568005615A9 /* System */,
				910933002B31F582005615A9 /* View */,
				91D353B82CAD8F18001E259F /* Ipad */,
				91C17D072B486B1B00A168EE /* ViewComponents */,
				910933012B3240BA005615A9 /* ViewModel */,
				910932FC2B31F384005615A9 /* Interactor */,
				91DB26F32B30A2BE00D78DBE /* Model */,
				910932F02B31E0BB005615A9 /* Network */,
				91F9E1A92B90B574009B1A88 /* Helpers */,
				916F9B342B2F96DF004F91D3 /* Assets.xcassets */,
				916F9B362B2F96DF004F91D3 /* Preview Content */,
			);
			path = TheMangaKeeper;
			sourceTree = "<group>";
		};
		916F9B362B2F96DF004F91D3 /* Preview Content */ = {
			isa = PBXGroup;
			children = (
				916F9B372B2F96DF004F91D3 /* Preview Assets.xcassets */,
				910932EE2B31DAA6005615A9 /* TestLocalMangas.json */,
				9194DDE32B333C720069D889 /* TestData.swift */,
				914F8C962BA9B021007EDCF6 /* ErroresLog.swift */,
			);
			path = "Preview Content";
			sourceTree = "<group>";
		};
		91C17D072B486B1B00A168EE /* ViewComponents */ = {
			isa = PBXGroup;
			children = (
				91C78DAB2BCE690F0055B9BE /* SearchBarView.swift */,
				91126C652B9D2AC100B0973D /* StarRatingViewComponent.swift */,
				9121B2E32CAACE3A00045874 /* MangasColectionButtoView.swift */,
				919ABA562BCC526F00A3E09B /* MangaCoverImage.swift */,
				91238EE92BED037B00874A8A /* MangaDetailCoverImage.swift */,
				9132BCE92C8660750002F3E0 /* SearchByGenreFilterView.swift */,
			);
			name = ViewComponents;
			sourceTree = "<group>";
		};
		91D353B82CAD8F18001E259F /* Ipad */ = {
			isa = PBXGroup;
			children = (
				91D353B52CAD5D3B001E259F /* MangasListView15_2.swift */,
				91D353B92CAD8F46001E259F /* MangasListView16_2.swift */,
			);
			name = Ipad;
			sourceTree = "<group>";
		};
		91DB26F32B30A2BE00D78DBE /* Model */ = {
			isa = PBXGroup;
			children = (
				91DB26F42B30A41900D78DBE /* MangasDTO.swift */,
				919237542B30FA5D0031C7CE /* Manga.swift */,
			);
			name = Model;
			sourceTree = "<group>";
		};
		91F9E1A92B90B574009B1A88 /* Helpers */ = {
			isa = PBXGroup;
			children = (
				91F9E1AA2B90B5A0009B1A88 /* DateFormatter.swift */,
			);
			name = Helpers;
			sourceTree = "<group>";
		};
/* End PBXGroup section */

/* Begin PBXNativeTarget section */
		916F9B2C2B2F96DE004F91D3 /* TheMangaKeeper */ = {
			isa = PBXNativeTarget;
			buildConfigurationList = 916F9B3B2B2F96DF004F91D3 /* Build configuration list for PBXNativeTarget "TheMangaKeeper" */;
			buildPhases = (
				916F9B292B2F96DE004F91D3 /* Sources */,
				916F9B2A2B2F96DE004F91D3 /* Frameworks */,
				916F9B2B2B2F96DE004F91D3 /* Resources */,
			);
			buildRules = (
			);
			dependencies = (
			);
			name = TheMangaKeeper;
			productName = TheMangaKeeper;
			productReference = 916F9B2D2B2F96DE004F91D3 /* TheMangaKeeper.app */;
			productType = "com.apple.product-type.application";
		};
/* End PBXNativeTarget section */

/* Begin PBXProject section */
		916F9B252B2F96DE004F91D3 /* Project object */ = {
			isa = PBXProject;
			attributes = {
				BuildIndependentTargetsInParallel = 1;
				LastSwiftUpdateCheck = 1510;
				LastUpgradeCheck = 1510;
				TargetAttributes = {
					916F9B2C2B2F96DE004F91D3 = {
						CreatedOnToolsVersion = 15.1;
					};
				};
			};
			buildConfigurationList = 916F9B282B2F96DE004F91D3 /* Build configuration list for PBXProject "TheMangaKeeper" */;
			compatibilityVersion = "Xcode 14.0";
			developmentRegion = en;
			hasScannedForEncodings = 0;
			knownRegions = (
				en,
				Base,
			);
			mainGroup = 916F9B242B2F96DE004F91D3;
			productRefGroup = 916F9B2E2B2F96DE004F91D3 /* Products */;
			projectDirPath = "";
			projectRoot = "";
			targets = (
				916F9B2C2B2F96DE004F91D3 /* TheMangaKeeper */,
			);
		};
/* End PBXProject section */

/* Begin PBXResourcesBuildPhase section */
		916F9B2B2B2F96DE004F91D3 /* Resources */ = {
			isa = PBXResourcesBuildPhase;
			buildActionMask = 2147483647;
			files = (
				910932EF2B31DAA6005615A9 /* TestLocalMangas.json in Resources */,
				916F9B382B2F96DF004F91D3 /* Preview Assets.xcassets in Resources */,
				916F9B352B2F96DF004F91D3 /* Assets.xcassets in Resources */,
			);
			runOnlyForDeploymentPostprocessing = 0;
		};
/* End PBXResourcesBuildPhase section */

/* Begin PBXSourcesBuildPhase section */
		916F9B292B2F96DE004F91D3 /* Sources */ = {
			isa = PBXSourcesBuildPhase;
			buildActionMask = 2147483647;
			files = (
				917DBB602B4378F0005FFA42 /* MangasDetailView.swift in Sources */,
				91D353BA2CAD8F46001E259F /* MangasListView16_2.swift in Sources */,
				910932F22B31E0D7005615A9 /* URL.swift in Sources */,
				91238EEA2BED037B00874A8A /* MangaDetailCoverImage.swift in Sources */,
				910933032B32413C005615A9 /* MangasViewModel.swift in Sources */,
				914F8C972BA9B021007EDCF6 /* ErroresLog.swift in Sources */,
				910932FA2B31ECA1005615A9 /* JsonDecoder.swift in Sources */,
				91F9E1AB2B90B5A0009B1A88 /* DateFormatter.swift in Sources */,
				91F9E1AD2B913931009B1A88 /* MangaCelGridView.swift in Sources */,
				91D353B62CAD5D3B001E259F /* MangasListView15_2.swift in Sources */,
				9194DDE42B333C720069D889 /* TestData.swift in Sources */,
				919ABA572BCC526F00A3E09B /* MangaCoverImage.swift in Sources */,
				91F88A5D2B49B85F005587BC /* MangasCollectionView.swift in Sources */,
				910932F82B31E86A005615A9 /* URLSession.swift in Sources */,
				916F9B312B2F96DE004F91D3 /* TheMangaKeeperApp.swift in Sources */,
				910932F62B31E51B005615A9 /* NetworkErrors.swift in Sources */,
				91D353BC2CAE052C001E259F /* MangasTabBarPad.swift in Sources */,
				910932F42B31E43C005615A9 /* URLRequest.swift in Sources */,
				9132BCEA2C8660750002F3E0 /* SearchByGenreFilterView.swift in Sources */,
				9121B2E42CAACE3A00045874 /* MangasColectionButtoView.swift in Sources */,
				910932FE2B31F3D3005615A9 /* MangasInteractor.swift in Sources */,
				914E53032B45B85D006270FA /* MangasTabBar.swift in Sources */,
				919237552B30FA5D0031C7CE /* Manga.swift in Sources */,
				91126C642B9D26DC00B0973D /* MangasListView.swift in Sources */,
				91126C622B9D221300B0973D /* MangasCellView.swift in Sources */,
				91DB26F52B30A41900D78DBE /* MangasDTO.swift in Sources */,
				91C78DAC2BCE690F0055B9BE /* SearchBarView.swift in Sources */,
				91126C662B9D2AC100B0973D /* StarRatingViewComponent.swift in Sources */,
				91283FDA2BDBD09500809317 /* MangaVolumesManagementView.swift in Sources */,
			);
			runOnlyForDeploymentPostprocessing = 0;
		};
/* End PBXSourcesBuildPhase section */

/* Begin XCBuildConfiguration section */
		916F9B392B2F96DF004F91D3 /* Debug */ = {
			isa = XCBuildConfiguration;
			buildSettings = {
				ALWAYS_SEARCH_USER_PATHS = NO;
				ASSETCATALOG_COMPILER_GENERATE_SWIFT_ASSET_SYMBOL_EXTENSIONS = YES;
				CLANG_ANALYZER_NONNULL = YES;
				CLANG_ANALYZER_NUMBER_OBJECT_CONVERSION = YES_AGGRESSIVE;
				CLANG_CXX_LANGUAGE_STANDARD = "gnu++20";
				CLANG_ENABLE_MODULES = YES;
				CLANG_ENABLE_OBJC_ARC = YES;
				CLANG_ENABLE_OBJC_WEAK = YES;
				CLANG_WARN_BLOCK_CAPTURE_AUTORELEASING = YES;
				CLANG_WARN_BOOL_CONVERSION = YES;
				CLANG_WARN_COMMA = YES;
				CLANG_WARN_CONSTANT_CONVERSION = YES;
				CLANG_WARN_DEPRECATED_OBJC_IMPLEMENTATIONS = YES;
				CLANG_WARN_DIRECT_OBJC_ISA_USAGE = YES_ERROR;
				CLANG_WARN_DOCUMENTATION_COMMENTS = YES;
				CLANG_WARN_EMPTY_BODY = YES;
				CLANG_WARN_ENUM_CONVERSION = YES;
				CLANG_WARN_INFINITE_RECURSION = YES;
				CLANG_WARN_INT_CONVERSION = YES;
				CLANG_WARN_NON_LITERAL_NULL_CONVERSION = YES;
				CLANG_WARN_OBJC_IMPLICIT_RETAIN_SELF = YES;
				CLANG_WARN_OBJC_LITERAL_CONVERSION = YES;
				CLANG_WARN_OBJC_ROOT_CLASS = YES_ERROR;
				CLANG_WARN_QUOTED_INCLUDE_IN_FRAMEWORK_HEADER = YES;
				CLANG_WARN_RANGE_LOOP_ANALYSIS = YES;
				CLANG_WARN_STRICT_PROTOTYPES = YES;
				CLANG_WARN_SUSPICIOUS_MOVE = YES;
				CLANG_WARN_UNGUARDED_AVAILABILITY = YES_AGGRESSIVE;
				CLANG_WARN_UNREACHABLE_CODE = YES;
				CLANG_WARN__DUPLICATE_METHOD_MATCH = YES;
				COPY_PHASE_STRIP = NO;
				DEBUG_INFORMATION_FORMAT = dwarf;
				ENABLE_STRICT_OBJC_MSGSEND = YES;
				ENABLE_TESTABILITY = YES;
				ENABLE_USER_SCRIPT_SANDBOXING = YES;
				GCC_C_LANGUAGE_STANDARD = gnu17;
				GCC_DYNAMIC_NO_PIC = NO;
				GCC_NO_COMMON_BLOCKS = YES;
				GCC_OPTIMIZATION_LEVEL = 0;
				GCC_PREPROCESSOR_DEFINITIONS = (
					"DEBUG=1",
					"$(inherited)",
				);
				GCC_WARN_64_TO_32_BIT_CONVERSION = YES;
				GCC_WARN_ABOUT_RETURN_TYPE = YES_ERROR;
				GCC_WARN_UNDECLARED_SELECTOR = YES;
				GCC_WARN_UNINITIALIZED_AUTOS = YES_AGGRESSIVE;
				GCC_WARN_UNUSED_FUNCTION = YES;
				GCC_WARN_UNUSED_VARIABLE = YES;
				IPHONEOS_DEPLOYMENT_TARGET = 17.2;
				LOCALIZATION_PREFERS_STRING_CATALOGS = YES;
				MTL_ENABLE_DEBUG_INFO = INCLUDE_SOURCE;
				MTL_FAST_MATH = YES;
				ONLY_ACTIVE_ARCH = YES;
				SDKROOT = iphoneos;
				SWIFT_ACTIVE_COMPILATION_CONDITIONS = "DEBUG $(inherited)";
				SWIFT_OPTIMIZATION_LEVEL = "-Onone";
			};
			name = Debug;
		};
		916F9B3A2B2F96DF004F91D3 /* Release */ = {
			isa = XCBuildConfiguration;
			buildSettings = {
				ALWAYS_SEARCH_USER_PATHS = NO;
				ASSETCATALOG_COMPILER_GENERATE_SWIFT_ASSET_SYMBOL_EXTENSIONS = YES;
				CLANG_ANALYZER_NONNULL = YES;
				CLANG_ANALYZER_NUMBER_OBJECT_CONVERSION = YES_AGGRESSIVE;
				CLANG_CXX_LANGUAGE_STANDARD = "gnu++20";
				CLANG_ENABLE_MODULES = YES;
				CLANG_ENABLE_OBJC_ARC = YES;
				CLANG_ENABLE_OBJC_WEAK = YES;
				CLANG_WARN_BLOCK_CAPTURE_AUTORELEASING = YES;
				CLANG_WARN_BOOL_CONVERSION = YES;
				CLANG_WARN_COMMA = YES;
				CLANG_WARN_CONSTANT_CONVERSION = YES;
				CLANG_WARN_DEPRECATED_OBJC_IMPLEMENTATIONS = YES;
				CLANG_WARN_DIRECT_OBJC_ISA_USAGE = YES_ERROR;
				CLANG_WARN_DOCUMENTATION_COMMENTS = YES;
				CLANG_WARN_EMPTY_BODY = YES;
				CLANG_WARN_ENUM_CONVERSION = YES;
				CLANG_WARN_INFINITE_RECURSION = YES;
				CLANG_WARN_INT_CONVERSION = YES;
				CLANG_WARN_NON_LITERAL_NULL_CONVERSION = YES;
				CLANG_WARN_OBJC_IMPLICIT_RETAIN_SELF = YES;
				CLANG_WARN_OBJC_LITERAL_CONVERSION = YES;
				CLANG_WARN_OBJC_ROOT_CLASS = YES_ERROR;
				CLANG_WARN_QUOTED_INCLUDE_IN_FRAMEWORK_HEADER = YES;
				CLANG_WARN_RANGE_LOOP_ANALYSIS = YES;
				CLANG_WARN_STRICT_PROTOTYPES = YES;
				CLANG_WARN_SUSPICIOUS_MOVE = YES;
				CLANG_WARN_UNGUARDED_AVAILABILITY = YES_AGGRESSIVE;
				CLANG_WARN_UNREACHABLE_CODE = YES;
				CLANG_WARN__DUPLICATE_METHOD_MATCH = YES;
				COPY_PHASE_STRIP = NO;
				DEBUG_INFORMATION_FORMAT = "dwarf-with-dsym";
				ENABLE_NS_ASSERTIONS = NO;
				ENABLE_STRICT_OBJC_MSGSEND = YES;
				ENABLE_USER_SCRIPT_SANDBOXING = YES;
				GCC_C_LANGUAGE_STANDARD = gnu17;
				GCC_NO_COMMON_BLOCKS = YES;
				GCC_WARN_64_TO_32_BIT_CONVERSION = YES;
				GCC_WARN_ABOUT_RETURN_TYPE = YES_ERROR;
				GCC_WARN_UNDECLARED_SELECTOR = YES;
				GCC_WARN_UNINITIALIZED_AUTOS = YES_AGGRESSIVE;
				GCC_WARN_UNUSED_FUNCTION = YES;
				GCC_WARN_UNUSED_VARIABLE = YES;
				IPHONEOS_DEPLOYMENT_TARGET = 17.2;
				LOCALIZATION_PREFERS_STRING_CATALOGS = YES;
				MTL_ENABLE_DEBUG_INFO = NO;
				MTL_FAST_MATH = YES;
				SDKROOT = iphoneos;
				SWIFT_COMPILATION_MODE = wholemodule;
				VALIDATE_PRODUCT = YES;
			};
			name = Release;
		};
		916F9B3C2B2F96DF004F91D3 /* Debug */ = {
			isa = XCBuildConfiguration;
			buildSettings = {
				ASSETCATALOG_COMPILER_APPICON_NAME = AppIcon;
				ASSETCATALOG_COMPILER_GLOBAL_ACCENT_COLOR_NAME = AccentColor;
				CODE_SIGN_STYLE = Automatic;
				CURRENT_PROJECT_VERSION = 1;
				DEVELOPMENT_ASSET_PATHS = "\"TheMangaKeeper/Preview Content\"";
				DEVELOPMENT_TEAM = M968R2AMGD;
				ENABLE_PREVIEWS = YES;
				GENERATE_INFOPLIST_FILE = YES;
				INFOPLIST_KEY_UIApplicationSceneManifest_Generation = YES;
				INFOPLIST_KEY_UIApplicationSupportsIndirectInputEvents = YES;
				INFOPLIST_KEY_UILaunchScreen_Generation = YES;
				INFOPLIST_KEY_UISupportedInterfaceOrientations_iPad = "UIInterfaceOrientationPortrait UIInterfaceOrientationPortraitUpsideDown UIInterfaceOrientationLandscapeLeft UIInterfaceOrientationLandscapeRight";
				INFOPLIST_KEY_UISupportedInterfaceOrientations_iPhone = "UIInterfaceOrientationPortrait UIInterfaceOrientationLandscapeLeft UIInterfaceOrientationLandscapeRight";
				LD_RUNPATH_SEARCH_PATHS = (
					"$(inherited)",
					"@executable_path/Frameworks",
				);
				MARKETING_VERSION = 1.0;
				PRODUCT_BUNDLE_IDENTIFIER = com.gliadev.TheMangaKeeper;
				PRODUCT_NAME = "$(TARGET_NAME)";
				SWIFT_EMIT_LOC_STRINGS = YES;
				SWIFT_VERSION = 5.0;
				TARGETED_DEVICE_FAMILY = "1,2";
			};
			name = Debug;
		};
		916F9B3D2B2F96DF004F91D3 /* Release */ = {
			isa = XCBuildConfiguration;
			buildSettings = {
				ASSETCATALOG_COMPILER_APPICON_NAME = AppIcon;
				ASSETCATALOG_COMPILER_GLOBAL_ACCENT_COLOR_NAME = AccentColor;
				CODE_SIGN_STYLE = Automatic;
				CURRENT_PROJECT_VERSION = 1;
				DEVELOPMENT_ASSET_PATHS = "\"TheMangaKeeper/Preview Content\"";
				DEVELOPMENT_TEAM = M968R2AMGD;
				ENABLE_PREVIEWS = YES;
				GENERATE_INFOPLIST_FILE = YES;
				INFOPLIST_KEY_UIApplicationSceneManifest_Generation = YES;
				INFOPLIST_KEY_UIApplicationSupportsIndirectInputEvents = YES;
				INFOPLIST_KEY_UILaunchScreen_Generation = YES;
				INFOPLIST_KEY_UISupportedInterfaceOrientations_iPad = "UIInterfaceOrientationPortrait UIInterfaceOrientationPortraitUpsideDown UIInterfaceOrientationLandscapeLeft UIInterfaceOrientationLandscapeRight";
				INFOPLIST_KEY_UISupportedInterfaceOrientations_iPhone = "UIInterfaceOrientationPortrait UIInterfaceOrientationLandscapeLeft UIInterfaceOrientationLandscapeRight";
				LD_RUNPATH_SEARCH_PATHS = (
					"$(inherited)",
					"@executable_path/Frameworks",
				);
				MARKETING_VERSION = 1.0;
				PRODUCT_BUNDLE_IDENTIFIER = com.gliadev.TheMangaKeeper;
				PRODUCT_NAME = "$(TARGET_NAME)";
				SWIFT_EMIT_LOC_STRINGS = YES;
				SWIFT_VERSION = 5.0;
				TARGETED_DEVICE_FAMILY = "1,2";
			};
			name = Release;
		};
/* End XCBuildConfiguration section */

/* Begin XCConfigurationList section */
		916F9B282B2F96DE004F91D3 /* Build configuration list for PBXProject "TheMangaKeeper" */ = {
			isa = XCConfigurationList;
			buildConfigurations = (
				916F9B392B2F96DF004F91D3 /* Debug */,
				916F9B3A2B2F96DF004F91D3 /* Release */,
			);
			defaultConfigurationIsVisible = 0;
			defaultConfigurationName = Release;
		};
		916F9B3B2B2F96DF004F91D3 /* Build configuration list for PBXNativeTarget "TheMangaKeeper" */ = {
			isa = XCConfigurationList;
			buildConfigurations = (
				916F9B3C2B2F96DF004F91D3 /* Debug */,
				916F9B3D2B2F96DF004F91D3 /* Release */,
			);
			defaultConfigurationIsVisible = 0;
			defaultConfigurationName = Release;
		};
/* End XCConfigurationList section */
	};
	rootObject = 916F9B252B2F96DE004F91D3 /* Project object */;
}
